
Microsoft Visual Studio Solution File, Format Version 12.00
# Visual Studio Version 17
VisualStudioVersion = 17.7.34003.232
MinimumVisualStudioVersion = 10.0.40219.1
Project("{FAE04EC0-301F-11D3-BF4B-00C04F79EFBC}") = "AssignmentLINQ1", "AssignmentLINQ1\AssignmentLINQ1.csproj", "{F6AEB3E7-051E-4898-A892-98BB7DFC90C2}"
EndProject
Global
	GlobalSection(SolutionConfigurationPlatforms) = preSolution
		Debug|Any CPU = Debug|Any CPU
		Release|Any CPU = Release|Any CPU
	EndGlobalSection
	GlobalSection(ProjectConfigurationPlatforms) = postSolution
		{F6AEB3E7-051E-4898-A892-98BB7DFC90C2}.Debug|Any CPU.ActiveCfg = Debug|Any CPU
		{F6AEB3E7-051E-4898-A892-98BB7DFC90C2}.Debug|Any CPU.Build.0 = Debug|Any CPU
		{F6AEB3E7-051E-4898-A892-98BB7DFC90C2}.Release|Any CPU.ActiveCfg = Release|Any CPU
		{F6AEB3E7-051E-4898-A892-98BB7DFC90C2}.Release|Any CPU.Build.0 = Release|Any CPU
	EndGlobalSection
	GlobalSection(SolutionProperties) = preSolution
		HideSolutionNode = FALSE
	EndGlobalSection
	GlobalSection(ExtensibilityGlobals) = postSolution
		SolutionGuid = {FFE59602-6C30-4C88-A8C2-54670554D396}
	EndGlobalSection
EndGlobal
